# This file was autogenerated by Stack.
# You should not edit this file by hand.
# For more information, please see the documentation at:
#   https://docs.haskellstack.org/en/stable/topics/lock_files

packages:
- completed:
    hackage: gi-webkit-6.0.5@sha256:39d810e697bb517fc821dd18c57078c6b0ae5b12e30ae44b90c37fad1cad8062,12198
    pantry-tree:
      sha256: 0aaf19a07c59f39f6332129ad3b45fb9200c2dc93c1ec0fabe398adf23fd2083
      size: 363
  original:
    hackage: gi-webkit-6.0.5
- completed:
    hackage: blake3-0.3@sha256:5517c394b60f88918df78eb8356799fd3b1a09e16b82af36be6edb85d6c3e108,2838
    pantry-tree:
      sha256: d5200c6f006a3a790a25d63b9823ce125c8a64c15300259ce467643f364683a2
      size: 1649
  original:
    hackage: blake3-0.3
- completed:
    hackage: leb128-0.1.0.0@sha256:1574d7a9b77eb7173d17297e79e9394caaf168fd8be2cdaeee2f03a14c35165a,1852
    pantry-tree:
      sha256: a53a1c2aabf50e1e0a5f5d4ff597ae153365cab199b77bbfabb06382232d8504
      size: 758
  original:
    hackage: leb128-0.1.0.0
- completed:
    hackage: optparse-applicative-0.17.1.0@sha256:cb5f5f0dc9749846fc0e3df0041a8efee6368cc1cff07336acd4c3b02a951ed6,5147
    pantry-tree:
      sha256: be7241e9c51c9e2bb4b9966b1a308258ed93b471d125611f068dc0279fcdc669
      size: 3124
  original:
    hackage: optparse-applicative-0.17.1.0
- completed:
    name: fourmolu
    pantry-tree:
      sha256: 660d9984cce1b0843727b114033ed0004da4defb91537b104248d884ba862441
      size: 192043
    sha256: 7f287f6d0278d9f8f903f6d35fc007c946e545a392316d5d7372eee0824ec31a
    size: 666800
    url: https://github.com/AshleyYakeley/fourmolu/archive/fb3abc83f3c746ac5c6f2db200c839d9b21035b7.tar.gz
    version: 0.20.1.0
  original:
    url: https://github.com/AshleyYakeley/fourmolu/archive/fb3abc83f3c746ac5c6f2db200c839d9b21035b7.tar.gz
snapshots:
- completed:
    sha256: 6a751c3fdab86bdc1605c9983f0bceebb072f7ffecef2eaa3be3f8ff19807a47
    size: 774375
    url: https://raw.githubusercontent.com/commercialhaskell/stackage-snapshots/master/nightly/2026/8/31.yaml
  original: nightly-2026-08-31
