# This file was autogenerated by Stack.
# You should not edit this file by hand.
# For more information, please see the documentation at:
#   https://docs.haskellstack.org/en/stable/lock_files

packages:
- completed:
    hackage: mime-0.4.0.2@sha256:208947d9d1a19d08850be67ecb28c6e776db697f3bba05bd9d682e51a59f241f,983
    pantry-tree:
      size: 565
      sha256: f2529a2e1678074ca0340ff60caa986f4e246d7d9abe8186657910c2900364bb
  original:
    hackage: mime-0.4.0.2
- completed:
    hackage: blake3-0.2@sha256:d1146b9a51ccfbb0532780778b6d016a614e3d44c05d8c1923dde9a8be869045,2448
    pantry-tree:
      size: 1433
      sha256: 0264ef3e7919e7b0d668c4153f6ce0d88e6965626b52d9dfd2cafd70309501d3
  original:
    hackage: blake3-0.2
- completed:
    name: haskell-src-exts
    version: 1.23.0
    git: https://github.com/AshleyYakeley/haskell-src-exts.git
    pantry-tree:
      size: 98738
      sha256: 4c51d8121434a8929dc7cc504ddb70b92cca84840d66a8d21eed91b281993318
    commit: 0f5103dd6fbea4f7ee8b156b40c7782e989e7025
  original:
    git: https://github.com/AshleyYakeley/haskell-src-exts.git
    commit: 0f5103dd6fbea4f7ee8b156b40c7782e989e7025
- completed:
    name: hindent
    version: 5.3.1
    git: https://github.com/AshleyYakeley/hindent.git
    pantry-tree:
      size: 2019
      sha256: 0ee53dbb4997745af6d3580d9377892f93ec432edb2163a016204e62ba5a6951
    commit: 9023e5da7245a802fa115a5e616f8beca0c9ffcf
  original:
    git: https://github.com/AshleyYakeley/hindent.git
    commit: 9023e5da7245a802fa115a5e616f8beca0c9ffcf
- completed:
    name: licensor
    version: 0.4.0
    git: https://github.com/AshleyYakeley/licensor.git
    pantry-tree:
      size: 729
      sha256: c037a42f539d085a28d79da36453275e7c6135df5c49d323762e2df77f0eafec
    commit: cecb4e7a9be09f61ad748b837cf702bbd4a0c0c2
  original:
    git: https://github.com/AshleyYakeley/licensor.git
    commit: cecb4e7a9be09f61ad748b837cf702bbd4a0c0c2
- completed:
    name: ghc-prof-flamegraph
    version: 0.2.0.0
    git: https://github.com/fpco/ghc-prof-flamegraph.git
    pantry-tree:
      size: 14253
      sha256: 047358356b9c79891b04d1dc9a035f6d7041ddb56e9d43e722d0d15225e2d1a5
    commit: 8edd3b4806adeb25a4d55bed51c3afcc8e7a8e14
  original:
    git: https://github.com/fpco/ghc-prof-flamegraph.git
    commit: 8edd3b4806adeb25a4d55bed51c3afcc8e7a8e14
snapshots:
- completed:
    size: 616897
    url: https://raw.githubusercontent.com/commercialhaskell/stackage-snapshots/master/lts/19/0.yaml
    sha256: bbf2be02f17940bac1f87cb462d4fb0c3355de6dcfc53d84f4f9ad3ee2164f65
  original: lts-19.0
