# This file was autogenerated by Stack.
# You should not edit this file by hand.
# For more information, please see the documentation at:
#   https://docs.haskellstack.org/en/stable/lock_files

packages:
- completed:
    hackage: blake3-0.2@sha256:d1146b9a51ccfbb0532780778b6d016a614e3d44c05d8c1923dde9a8be869045,2448
    pantry-tree:
      sha256: 0264ef3e7919e7b0d668c4153f6ce0d88e6965626b52d9dfd2cafd70309501d3
      size: 1433
  original:
    hackage: blake3-0.2
- completed:
    hackage: leb128-0.1.0.0@sha256:f07e491e34bcac09bd816daefe1b9cfba163249a776b5c669821ebd0f7a5118b,1854
    pantry-tree:
      sha256: f604a03c6366251ffca268b94026f7a1032f319327f1f1877a274c2f59ef735f
      size: 758
  original:
    hackage: leb128-0.1.0.0
- completed:
    hackage: primitive-serial-0.1@sha256:2e3660f4fe9f86bcbf3052bc5cf2c14f6e60394f51f80cbbe05df27919b076a5,1159
    pantry-tree:
      sha256: d6b5191e3e462c6a7a86dd9856662de8b1cdf6d7223868b925a0f26f376caf69
      size: 279
  original:
    hackage: primitive-serial-0.1
- completed:
    hackage: monadology-0.3@sha256:91cfc11801f633800fb352f3dc89c9f878885e627e3d8b2e9ef7eeb9e3b26dc5,5903
    pantry-tree:
      sha256: 5d0441ec0130d4e4821557cae6284b90e26f97436aea952f5e7a80297cf35d34
      size: 4297
  original:
    hackage: monadology-0.3
- completed:
    commit: 9dff0f37cb7cc00129f65c85aa9a820c579472ca
    git: https://github.com/AshleyYakeley/haskell-src-exts.git
    name: haskell-src-exts
    pantry-tree:
      sha256: 590d3653d8ba4ab807b6dee03face2b39809efe4a4441d9276b80bceb73f2720
      size: 98740
    version: 1.23.1
  original:
    commit: 9dff0f37cb7cc00129f65c85aa9a820c579472ca
    git: https://github.com/AshleyYakeley/haskell-src-exts.git
- completed:
    commit: 7faad14a228fb5b52e233ebd23ea92beafe2cd8d
    git: https://github.com/AshleyYakeley/hindent.git
    name: hindent
    pantry-tree:
      sha256: 5d6d8d4e21d2f07e85787c8c78b1efabab02d12c8c282046a9a0b9c4ad8cba1b
      size: 2019
    version: 5.3.1
  original:
    commit: 7faad14a228fb5b52e233ebd23ea92beafe2cd8d
    git: https://github.com/AshleyYakeley/hindent.git
- completed:
    commit: 8edd3b4806adeb25a4d55bed51c3afcc8e7a8e14
    git: https://github.com/fpco/ghc-prof-flamegraph.git
    name: ghc-prof-flamegraph
    pantry-tree:
      sha256: 047358356b9c79891b04d1dc9a035f6d7041ddb56e9d43e722d0d15225e2d1a5
      size: 14253
    version: 0.2.0.0
  original:
    commit: 8edd3b4806adeb25a4d55bed51c3afcc8e7a8e14
    git: https://github.com/fpco/ghc-prof-flamegraph.git
snapshots:
- completed:
    sha256: 1d663bec402f77fa09fa3e8cf288c3c7eb18a1f28a5e0c331ac47adeacd21346
    size: 640034
    url: https://raw.githubusercontent.com/commercialhaskell/stackage-snapshots/master/lts/21/16.yaml
  original: lts-21.16
