# This file was autogenerated by Stack.
# You should not edit this file by hand.
# For more information, please see the documentation at:
#   https://docs.haskellstack.org/en/stable/lock_files

packages:
- completed:
    hackage: mime-0.4.0.2@sha256:208947d9d1a19d08850be67ecb28c6e776db697f3bba05bd9d682e51a59f241f,983
    pantry-tree:
      size: 565
      sha256: f2529a2e1678074ca0340ff60caa986f4e246d7d9abe8186657910c2900364bb
  original:
    hackage: mime-0.4.0.2
- completed:
    hackage: diagrams-core-1.4.2@sha256:47de45658e8a805b7cb7f535e7b093daf7e861604fa3c70e25bd4ef481bf1571,2997
    pantry-tree:
      size: 2018
      sha256: 00c9bd036e8552d494c912774f05fb9b5752022b4827d3e815ad016a3cb6e16b
  original:
    hackage: diagrams-core-1.4.2
- completed:
    hackage: diagrams-lib-1.4.3@sha256:04f77778d4b550d3c8e54440800685f88467bef91075e82e009a8a6f45c51033,8232
    pantry-tree:
      size: 11604
      sha256: bf481bb5bbbd135a778be4cc69cc2f857944dc5d3b856894effaddc9279adf58
  original:
    hackage: diagrams-lib-1.4.3
- completed:
    hackage: statestack-0.3@sha256:36131f4e7c9a821a7460a2e54cda51e28c4ae1161f7bba4b0b254f8d4241efe4,1071
    pantry-tree:
      size: 272
      sha256: 24c3fd6f5333ea45904648a14f8a570ac68bed8d955ae91d4247eff98e8f9534
  original:
    hackage: statestack-0.3
- completed:
    hackage: gi-pangocairo-1.0.24@sha256:350b2088e04e4b899bd6daeffe61afcbf9ed3a751f7d7e5d90e5e50e45b2f284,3158
    pantry-tree:
      size: 370
      sha256: 4ea5fb37173383c88de2eb89e199da9f72fe09e57b4b14187d51a0e6014d0ff7
  original:
    hackage: gi-pangocairo-1.0.24
- completed:
    hackage: active-0.2.0.14@sha256:e618aba4a7881eb85dc1585e0a01230af6b4fbab6693931e4a5d0d3a5b184406,1823
    pantry-tree:
      size: 1017
      sha256: 9326ee3500f7bb1adea18f581dc51ebdb522677d8cddc847a506ba5d328ee723
  original:
    hackage: active-0.2.0.14
- completed:
    hackage: dual-tree-0.2.2.1@sha256:9ff31e461d873ae74ba51d93b454c0c4094726d7cb78a0c454394c965e83539d,2830
    pantry-tree:
      size: 387
      sha256: 70ea91862ac301648d63e9c69d0ff8154b1d3c9c632d224d4002c027861ec33e
  original:
    hackage: dual-tree-0.2.2.1
- completed:
    hackage: monoid-extras-0.5.1@sha256:2324414ed6cfa57f38d5d7e3e676b0dfdba0d070a8b12df78bb71eb84d2b1d2d,2242
    pantry-tree:
      size: 1187
      sha256: fd8e28e6d39def8ba12ba5d6a45e3d13532640f265e5163daf37b8e4b9ae3c38
  original:
    hackage: monoid-extras-0.5.1
- completed:
    name: haskell-src-exts
    version: 1.23.0
    git: https://github.com/AshleyYakeley/haskell-src-exts.git
    pantry-tree:
      size: 98738
      sha256: 4c51d8121434a8929dc7cc504ddb70b92cca84840d66a8d21eed91b281993318
    commit: 0f5103dd6fbea4f7ee8b156b40c7782e989e7025
  original:
    git: https://github.com/AshleyYakeley/haskell-src-exts.git
    commit: 0f5103dd6fbea4f7ee8b156b40c7782e989e7025
- completed:
    name: hindent
    version: 5.3.1
    git: https://github.com/AshleyYakeley/hindent.git
    pantry-tree:
      size: 2019
      sha256: 0ee53dbb4997745af6d3580d9377892f93ec432edb2163a016204e62ba5a6951
    commit: 9023e5da7245a802fa115a5e616f8beca0c9ffcf
  original:
    git: https://github.com/AshleyYakeley/hindent.git
    commit: 9023e5da7245a802fa115a5e616f8beca0c9ffcf
- completed:
    name: licensor
    version: 0.4.0
    git: https://github.com/AshleyYakeley/licensor.git
    pantry-tree:
      size: 729
      sha256: c037a42f539d085a28d79da36453275e7c6135df5c49d323762e2df77f0eafec
    commit: cecb4e7a9be09f61ad748b837cf702bbd4a0c0c2
  original:
    git: https://github.com/AshleyYakeley/licensor.git
    commit: cecb4e7a9be09f61ad748b837cf702bbd4a0c0c2
- completed:
    name: ghc-prof-flamegraph
    version: 0.2.0.0
    git: https://github.com/fpco/ghc-prof-flamegraph.git
    pantry-tree:
      size: 14253
      sha256: 047358356b9c79891b04d1dc9a035f6d7041ddb56e9d43e722d0d15225e2d1a5
    commit: 8edd3b4806adeb25a4d55bed51c3afcc8e7a8e14
  original:
    git: https://github.com/fpco/ghc-prof-flamegraph.git
    commit: 8edd3b4806adeb25a4d55bed51c3afcc8e7a8e14
snapshots:
- completed:
    size: 563100
    url: https://raw.githubusercontent.com/commercialhaskell/stackage-snapshots/master/lts/17/0.yaml
    sha256: e93a85871577ea3423d5f3454b2b6bd37c2c2123c79faf511dfb64f5b49a9f8b
  original: lts-17.0
